// !$*UTF8*$!
{
	archiveVersion = 1;
	classes = {
	};
	objectVersion = 46;
	objects = {

/* Begin PBXBuildFile section */
		F203D5391E961961008BE544 /* RTCatConfig.swift in Sources */ = {isa = PBXBuildFile; fileRef = F203D5381E961961008BE544 /* RTCatConfig.swift */; };
		F229F78F1F41497C00CACF69 /* RTCatSDK.framework in Frameworks */ = {isa = PBXBuildFile; fileRef = F229F78C1F41497C00CACF69 /* RTCatSDK.framework */; };
		F229F7901F41497C00CACF69 /* RTCatSDKCore.framework in Frameworks */ = {isa = PBXBuildFile; fileRef = F229F78D1F41497C00CACF69 /* RTCatSDKCore.framework */; };
		F229F7911F41497C00CACF69 /* WebRTC.framework in Frameworks */ = {isa = PBXBuildFile; fileRef = F229F78E1F41497C00CACF69 /* WebRTC.framework */; };
		F229F7921F41498A00CACF69 /* WebRTC.framework in Frameworks */ = {isa = PBXBuildFile; fileRef = F229F78E1F41497C00CACF69 /* WebRTC.framework */; };
		F229F7931F41498A00CACF69 /* WebRTC.framework in Embed Frameworks */ = {isa = PBXBuildFile; fileRef = F229F78E1F41497C00CACF69 /* WebRTC.framework */; settings = {ATTRIBUTES = (CodeSignOnCopy, RemoveHeadersOnCopy, ); }; };
		F2C7640A1E514764008CB903 /* VideoToolbox.framework in Frameworks */ = {isa = PBXBuildFile; fileRef = F2C763FA1E514764008CB903 /* VideoToolbox.framework */; };
		F2C7640B1E514764008CB903 /* QuartzCore.framework in Frameworks */ = {isa = PBXBuildFile; fileRef = F2C763FB1E514764008CB903 /* QuartzCore.framework */; };
		F2C7640C1E514764008CB903 /* OpenGLES.framework in Frameworks */ = {isa = PBXBuildFile; fileRef = F2C763FC1E514764008CB903 /* OpenGLES.framework */; };
		F2C7640D1E514764008CB903 /* GLKit.framework in Frameworks */ = {isa = PBXBuildFile; fileRef = F2C763FD1E514764008CB903 /* GLKit.framework */; };
		F2C7640E1E514764008CB903 /* CoreVideo.framework in Frameworks */ = {isa = PBXBuildFile; fileRef = F2C763FE1E514764008CB903 /* CoreVideo.framework */; };
		F2C7640F1E514764008CB903 /* CoreMedia.framework in Frameworks */ = {isa = PBXBuildFile; fileRef = F2C763FF1E514764008CB903 /* CoreMedia.framework */; };
		F2C764101E514764008CB903 /* CoreGraphics.framework in Frameworks */ = {isa = PBXBuildFile; fileRef = F2C764001E514764008CB903 /* CoreGraphics.framework */; };
		F2C764111E514764008CB903 /* CoreAudio.framework in Frameworks */ = {isa = PBXBuildFile; fileRef = F2C764011E514764008CB903 /* CoreAudio.framework */; };
		F2C764121E514764008CB903 /* AVFoundation.framework in Frameworks */ = {isa = PBXBuildFile; fileRef = F2C764021E514764008CB903 /* AVFoundation.framework */; };
		F2C764131E514764008CB903 /* AudioToolbox.framework in Frameworks */ = {isa = PBXBuildFile; fileRef = F2C764031E514764008CB903 /* AudioToolbox.framework */; };
		F2C764141E514764008CB903 /* CFNetwork.framework in Frameworks */ = {isa = PBXBuildFile; fileRef = F2C764041E514764008CB903 /* CFNetwork.framework */; };
		F2C764151E514764008CB903 /* libsqlite3.tbd in Frameworks */ = {isa = PBXBuildFile; fileRef = F2C764051E514764008CB903 /* libsqlite3.tbd */; };
		F2C764161E514764008CB903 /* libc++.tbd in Frameworks */ = {isa = PBXBuildFile; fileRef = F2C764061E514764008CB903 /* libc++.tbd */; };
		F2C764171E514764008CB903 /* libicucore.A.tbd in Frameworks */ = {isa = PBXBuildFile; fileRef = F2C764071E514764008CB903 /* libicucore.A.tbd */; };
		F2D4439F1E4DC98600864117 /* AppDelegate.swift in Sources */ = {isa = PBXBuildFile; fileRef = F2D4439E1E4DC98600864117 /* AppDelegate.swift */; };
		F2D443A11E4DC98600864117 /* ViewController.swift in Sources */ = {isa = PBXBuildFile; fileRef = F2D443A01E4DC98600864117 /* ViewController.swift */; };
		F2D443A41E4DC98600864117 /* Main.storyboard in Resources */ = {isa = PBXBuildFile; fileRef = F2D443A21E4DC98600864117 /* Main.storyboard */; };
		F2D443A61E4DC98600864117 /* Assets.xcassets in Resources */ = {isa = PBXBuildFile; fileRef = F2D443A51E4DC98600864117 /* Assets.xcassets */; };
		F2D443A91E4DC98600864117 /* LaunchScreen.storyboard in Resources */ = {isa = PBXBuildFile; fileRef = F2D443A71E4DC98600864117 /* LaunchScreen.storyboard */; };
/* End PBXBuildFile section */

/* Begin PBXCopyFilesBuildPhase section */
		F229F7941F41498A00CACF69 /* Embed Frameworks */ = {
			isa = PBXCopyFilesBuildPhase;
			buildActionMask = 2147483647;
			dstPath = "";
			dstSubfolderSpec = 10;
			files = (
				F229F7931F41498A00CACF69 /* WebRTC.framework in Embed Frameworks */,
			);
			name = "Embed Frameworks";
			runOnlyForDeploymentPostprocessing = 0;
		};
/* End PBXCopyFilesBuildPhase section */

/* Begin PBXFileReference section */
		F203D5381E961961008BE544 /* RTCatConfig.swift */ = {isa = PBXFileReference; fileEncoding = 4; lastKnownFileType = sourcecode.swift; name = RTCatConfig.swift; path = ../../RTCatConfig.swift; sourceTree = "<group>"; };
		F229F78C1F41497C00CACF69 /* RTCatSDK.framework */ = {isa = PBXFileReference; lastKnownFileType = wrapper.framework; name = RTCatSDK.framework; path = /Users/spacetime/Develop/ios/shishimao/demo/demo_all/SDK/RTCatSDK.framework; sourceTree = "<absolute>"; };
		F229F78D1F41497C00CACF69 /* RTCatSDKCore.framework */ = {isa = PBXFileReference; lastKnownFileType = wrapper.framework; name = RTCatSDKCore.framework; path = /Users/spacetime/Develop/ios/shishimao/demo/demo_all/SDK/RTCatSDKCore.framework; sourceTree = "<absolute>"; };
		F229F78E1F41497C00CACF69 /* WebRTC.framework */ = {isa = PBXFileReference; lastKnownFileType = wrapper.framework; name = WebRTC.framework; path = /Users/spacetime/Develop/ios/shishimao/demo/demo_all/SDK/WebRTC.framework; sourceTree = "<absolute>"; };
		F2C763FA1E514764008CB903 /* VideoToolbox.framework */ = {isa = PBXFileReference; lastKnownFileType = wrapper.framework; name = VideoToolbox.framework; path = System/Library/Frameworks/VideoToolbox.framework; sourceTree = SDKROOT; };
		F2C763FB1E514764008CB903 /* QuartzCore.framework */ = {isa = PBXFileReference; lastKnownFileType = wrapper.framework; name = QuartzCore.framework; path = System/Library/Frameworks/QuartzCore.framework; sourceTree = SDKROOT; };
		F2C763FC1E514764008CB903 /* OpenGLES.framework */ = {isa = PBXFileReference; lastKnownFileType = wrapper.framework; name = OpenGLES.framework; path = System/Library/Frameworks/OpenGLES.framework; sourceTree = SDKROOT; };
		F2C763FD1E514764008CB903 /* GLKit.framework */ = {isa = PBXFileReference; lastKnownFileType = wrapper.framework; name = GLKit.framework; path = System/Library/Frameworks/GLKit.framework; sourceTree = SDKROOT; };
		F2C763FE1E514764008CB903 /* CoreVideo.framework */ = {isa = PBXFileReference; lastKnownFileType = wrapper.framework; name = CoreVideo.framework; path = System/Library/Frameworks/CoreVideo.framework; sourceTree = SDKROOT; };
		F2C763FF1E514764008CB903 /* CoreMedia.framework */ = {isa = PBXFileReference; lastKnownFileType = wrapper.framework; name = CoreMedia.framework; path = System/Library/Frameworks/CoreMedia.framework; sourceTree = SDKROOT; };
		F2C764001E514764008CB903 /* CoreGraphics.framework */ = {isa = PBXFileReference; lastKnownFileType = wrapper.framework; name = CoreGraphics.framework; path = System/Library/Frameworks/CoreGraphics.framework; sourceTree = SDKROOT; };
		F2C764011E514764008CB903 /* CoreAudio.framework */ = {isa = PBXFileReference; lastKnownFileType = wrapper.framework; name = CoreAudio.framework; path = System/Library/Frameworks/CoreAudio.framework; sourceTree = SDKROOT; };
		F2C764021E514764008CB903 /* AVFoundation.framework */ = {isa = PBXFileReference; lastKnownFileType = wrapper.framework; name = AVFoundation.framework; path = System/Library/Frameworks/AVFoundation.framework; sourceTree = SDKROOT; };
		F2C764031E514764008CB903 /* AudioToolbox.framework */ = {isa = PBXFileReference; lastKnownFileType = wrapper.framework; name = AudioToolbox.framework; path = System/Library/Frameworks/AudioToolbox.framework; sourceTree = SDKROOT; };
		F2C764041E514764008CB903 /* CFNetwork.framework */ = {isa = PBXFileReference; lastKnownFileType = wrapper.framework; name = CFNetwork.framework; path = System/Library/Frameworks/CFNetwork.framework; sourceTree = SDKROOT; };
		F2C764051E514764008CB903 /* libsqlite3.tbd */ = {isa = PBXFileReference; fileEncoding = 4; lastKnownFileType = "sourcecode.text-based-dylib-definition"; name = libsqlite3.tbd; path = usr/lib/libsqlite3.tbd; sourceTree = SDKROOT; };
		F2C764061E514764008CB903 /* libc++.tbd */ = {isa = PBXFileReference; fileEncoding = 4; lastKnownFileType = "sourcecode.text-based-dylib-definition"; name = "libc++.tbd"; path = "usr/lib/libc++.tbd"; sourceTree = SDKROOT; };
		F2C764071E514764008CB903 /* libicucore.A.tbd */ = {isa = PBXFileReference; fileEncoding = 4; lastKnownFileType = "sourcecode.text-based-dylib-definition"; name = libicucore.A.tbd; path = usr/lib/libicucore.A.tbd; sourceTree = SDKROOT; };
		F2C764181E5149D1008CB903 /* 3.Mutli-Party-Bridging-Header.h */ = {isa = PBXFileReference; lastKnownFileType = sourcecode.c.h; path = "3.Mutli-Party-Bridging-Header.h"; sourceTree = "<group>"; };
		F2D4439B1E4DC98600864117 /* 3.Mutli-Party.app */ = {isa = PBXFileReference; explicitFileType = wrapper.application; includeInIndex = 0; path = "3.Mutli-Party.app"; sourceTree = BUILT_PRODUCTS_DIR; };
		F2D4439E1E4DC98600864117 /* AppDelegate.swift */ = {isa = PBXFileReference; lastKnownFileType = sourcecode.swift; path = AppDelegate.swift; sourceTree = "<group>"; };
		F2D443A01E4DC98600864117 /* ViewController.swift */ = {isa = PBXFileReference; lastKnownFileType = sourcecode.swift; path = ViewController.swift; sourceTree = "<group>"; };
		F2D443A31E4DC98600864117 /* Base */ = {isa = PBXFileReference; lastKnownFileType = file.storyboard; name = Base; path = Base.lproj/Main.storyboard; sourceTree = "<group>"; };
		F2D443A51E4DC98600864117 /* Assets.xcassets */ = {isa = PBXFileReference; lastKnownFileType = folder.assetcatalog; path = Assets.xcassets; sourceTree = "<group>"; };
		F2D443A81E4DC98600864117 /* Base */ = {isa = PBXFileReference; lastKnownFileType = file.storyboard; name = Base; path = Base.lproj/LaunchScreen.storyboard; sourceTree = "<group>"; };
		F2D443AA1E4DC98600864117 /* Info.plist */ = {isa = PBXFileReference; lastKnownFileType = text.plist.xml; path = Info.plist; sourceTree = "<group>"; };
/* End PBXFileReference section */

/* Begin PBXFrameworksBuildPhase section */
		F2D443981E4DC98600864117 /* Frameworks */ = {
			isa = PBXFrameworksBuildPhase;
			buildActionMask = 2147483647;
			files = (
				F229F78F1F41497C00CACF69 /* RTCatSDK.framework in Frameworks */,
				F229F7901F41497C00CACF69 /* RTCatSDKCore.framework in Frameworks */,
				F229F7911F41497C00CACF69 /* WebRTC.framework in Frameworks */,
				F2C764111E514764008CB903 /* CoreAudio.framework in Frameworks */,
				F2C7640A1E514764008CB903 /* VideoToolbox.framework in Frameworks */,
				F229F7921F41498A00CACF69 /* WebRTC.framework in Frameworks */,
				F2C764121E514764008CB903 /* AVFoundation.framework in Frameworks */,
				F2C764131E514764008CB903 /* AudioToolbox.framework in Frameworks */,
				F2C764151E514764008CB903 /* libsqlite3.tbd in Frameworks */,
				F2C7640B1E514764008CB903 /* QuartzCore.framework in Frameworks */,
				F2C764141E514764008CB903 /* CFNetwork.framework in Frameworks */,
				F2C764161E514764008CB903 /* libc++.tbd in Frameworks */,
				F2C7640D1E514764008CB903 /* GLKit.framework in Frameworks */,
				F2C764101E514764008CB903 /* CoreGraphics.framework in Frameworks */,
				F2C7640C1E514764008CB903 /* OpenGLES.framework in Frameworks */,
				F2C7640E1E514764008CB903 /* CoreVideo.framework in Frameworks */,
				F2C7640F1E514764008CB903 /* CoreMedia.framework in Frameworks */,
				F2C764171E514764008CB903 /* libicucore.A.tbd in Frameworks */,
			);
			runOnlyForDeploymentPostprocessing = 0;
		};
/* End PBXFrameworksBuildPhase section */

/* Begin PBXGroup section */
		F2C764081E514764008CB903 /* Frameworks */ = {
			isa = PBXGroup;
			children = (
				F229F78C1F41497C00CACF69 /* RTCatSDK.framework */,
				F229F78D1F41497C00CACF69 /* RTCatSDKCore.framework */,
				F229F78E1F41497C00CACF69 /* WebRTC.framework */,
				F2C763FA1E514764008CB903 /* VideoToolbox.framework */,
				F2C763FB1E514764008CB903 /* QuartzCore.framework */,
				F2C763FC1E514764008CB903 /* OpenGLES.framework */,
				F2C763FD1E514764008CB903 /* GLKit.framework */,
				F2C763FE1E514764008CB903 /* CoreVideo.framework */,
				F2C763FF1E514764008CB903 /* CoreMedia.framework */,
				F2C764001E514764008CB903 /* CoreGraphics.framework */,
				F2C764011E514764008CB903 /* CoreAudio.framework */,
				F2C764021E514764008CB903 /* AVFoundation.framework */,
				F2C764031E514764008CB903 /* AudioToolbox.framework */,
				F2C764041E514764008CB903 /* CFNetwork.framework */,
				F2C764051E514764008CB903 /* libsqlite3.tbd */,
				F2C764061E514764008CB903 /* libc++.tbd */,
				F2C764071E514764008CB903 /* libicucore.A.tbd */,
			);
			name = Frameworks;
			path = "/Users/spacetime/Develop/ios/shishimao/demo/demo_all/2.White-Board/../../demo2";
			sourceTree = "<absolute>";
		};
		F2D443921E4DC98600864117 = {
			isa = PBXGroup;
			children = (
				F2D4439D1E4DC98600864117 /* 3.Mutli-Party */,
				F2D4439C1E4DC98600864117 /* Products */,
				F2C764081E514764008CB903 /* Frameworks */,
			);
			sourceTree = "<group>";
		};
		F2D4439C1E4DC98600864117 /* Products */ = {
			isa = PBXGroup;
			children = (
				F2D4439B1E4DC98600864117 /* 3.Mutli-Party.app */,
			);
			name = Products;
			sourceTree = "<group>";
		};
		F2D4439D1E4DC98600864117 /* 3.Mutli-Party */ = {
			isa = PBXGroup;
			children = (
				F203D5381E961961008BE544 /* RTCatConfig.swift */,
				F2D4439E1E4DC98600864117 /* AppDelegate.swift */,
				F2D443A01E4DC98600864117 /* ViewController.swift */,
				F2D443A21E4DC98600864117 /* Main.storyboard */,
				F2D443A51E4DC98600864117 /* Assets.xcassets */,
				F2D443A71E4DC98600864117 /* LaunchScreen.storyboard */,
				F2D443AA1E4DC98600864117 /* Info.plist */,
				F2C764181E5149D1008CB903 /* 3.Mutli-Party-Bridging-Header.h */,
			);
			path = "3.Mutli-Party";
			sourceTree = "<group>";
		};
/* End PBXGroup section */

/* Begin PBXNativeTarget section */
		F2D4439A1E4DC98600864117 /* 3.Mutli-Party */ = {
			isa = PBXNativeTarget;
			buildConfigurationList = F2D443AD1E4DC98600864117 /* Build configuration list for PBXNativeTarget "3.Mutli-Party" */;
			buildPhases = (
				F2D443971E4DC98600864117 /* Sources */,
				F2D443981E4DC98600864117 /* Frameworks */,
				F2D443991E4DC98600864117 /* Resources */,
				F229F7941F41498A00CACF69 /* Embed Frameworks */,
			);
			buildRules = (
			);
			dependencies = (
			);
			name = "3.Mutli-Party";
			productName = "3.Mutli-Party";
			productReference = F2D4439B1E4DC98600864117 /* 3.Mutli-Party.app */;
			productType = "com.apple.product-type.application";
		};
/* End PBXNativeTarget section */

/* Begin PBXProject section */
		F2D443931E4DC98600864117 /* Project object */ = {
			isa = PBXProject;
			attributes = {
				LastSwiftUpdateCheck = 0820;
				LastUpgradeCheck = 0820;
				ORGANIZATIONNAME = spacetime;
				TargetAttributes = {
					F2D4439A1E4DC98600864117 = {
						CreatedOnToolsVersion = 8.2.1;
						DevelopmentTeam = TXCLPPJG27;
						LastSwiftMigration = 0820;
						ProvisioningStyle = Automatic;
					};
				};
			};
			buildConfigurationList = F2D443961E4DC98600864117 /* Build configuration list for PBXProject "3.Mutli-Party" */;
			compatibilityVersion = "Xcode 3.2";
			developmentRegion = English;
			hasScannedForEncodings = 0;
			knownRegions = (
				en,
				Base,
			);
			mainGroup = F2D443921E4DC98600864117;
			productRefGroup = F2D4439C1E4DC98600864117 /* Products */;
			projectDirPath = "";
			projectRoot = "";
			targets = (
				F2D4439A1E4DC98600864117 /* 3.Mutli-Party */,
			);
		};
/* End PBXProject section */

/* Begin PBXResourcesBuildPhase section */
		F2D443991E4DC98600864117 /* Resources */ = {
			isa = PBXResourcesBuildPhase;
			buildActionMask = 2147483647;
			files = (
				F2D443A91E4DC98600864117 /* LaunchScreen.storyboard in Resources */,
				F2D443A61E4DC98600864117 /* Assets.xcassets in Resources */,
				F2D443A41E4DC98600864117 /* Main.storyboard in Resources */,
			);
			runOnlyForDeploymentPostprocessing = 0;
		};
/* End PBXResourcesBuildPhase section */

/* Begin PBXSourcesBuildPhase section */
		F2D443971E4DC98600864117 /* Sources */ = {
			isa = PBXSourcesBuildPhase;
			buildActionMask = 2147483647;
			files = (
				F203D5391E961961008BE544 /* RTCatConfig.swift in Sources */,
				F2D443A11E4DC98600864117 /* ViewController.swift in Sources */,
				F2D4439F1E4DC98600864117 /* AppDelegate.swift in Sources */,
			);
			runOnlyForDeploymentPostprocessing = 0;
		};
/* End PBXSourcesBuildPhase section */

/* Begin PBXVariantGroup section */
		F2D443A21E4DC98600864117 /* Main.storyboard */ = {
			isa = PBXVariantGroup;
			children = (
				F2D443A31E4DC98600864117 /* Base */,
			);
			name = Main.storyboard;
			sourceTree = "<group>";
		};
		F2D443A71E4DC98600864117 /* LaunchScreen.storyboard */ = {
			isa = PBXVariantGroup;
			children = (
				F2D443A81E4DC98600864117 /* Base */,
			);
			name = LaunchScreen.storyboard;
			sourceTree = "<group>";
		};
/* End PBXVariantGroup section */

/* Begin XCBuildConfiguration section */
		F2D443AB1E4DC98600864117 /* Debug */ = {
			isa = XCBuildConfiguration;
			buildSettings = {
				ALWAYS_SEARCH_USER_PATHS = NO;
				CLANG_ANALYZER_NONNULL = YES;
				CLANG_CXX_LANGUAGE_STANDARD = "gnu++0x";
				CLANG_CXX_LIBRARY = "libc++";
				CLANG_ENABLE_MODULES = YES;
				CLANG_ENABLE_OBJC_ARC = YES;
				CLANG_WARN_BOOL_CONVERSION = YES;
				CLANG_WARN_CONSTANT_CONVERSION = YES;
				CLANG_WARN_DIRECT_OBJC_ISA_USAGE = YES_ERROR;
				CLANG_WARN_DOCUMENTATION_COMMENTS = YES;
				CLANG_WARN_EMPTY_BODY = YES;
				CLANG_WARN_ENUM_CONVERSION = YES;
				CLANG_WARN_INFINITE_RECURSION = YES;
				CLANG_WARN_INT_CONVERSION = YES;
				CLANG_WARN_OBJC_ROOT_CLASS = YES_ERROR;
				CLANG_WARN_SUSPICIOUS_MOVE = YES;
				CLANG_WARN_UNREACHABLE_CODE = YES;
				CLANG_WARN__DUPLICATE_METHOD_MATCH = YES;
				"CODE_SIGN_IDENTITY[sdk=iphoneos*]" = "iPhone Developer";
				COPY_PHASE_STRIP = NO;
				DEBUG_INFORMATION_FORMAT = dwarf;
				ENABLE_STRICT_OBJC_MSGSEND = YES;
				ENABLE_TESTABILITY = YES;
				GCC_C_LANGUAGE_STANDARD = gnu99;
				GCC_DYNAMIC_NO_PIC = NO;
				GCC_NO_COMMON_BLOCKS = YES;
				GCC_OPTIMIZATION_LEVEL = 0;
				GCC_PREPROCESSOR_DEFINITIONS = (
					"DEBUG=1",
					"$(inherited)",
				);
				GCC_WARN_64_TO_32_BIT_CONVERSION = YES;
				GCC_WARN_ABOUT_RETURN_TYPE = YES_ERROR;
				GCC_WARN_UNDECLARED_SELECTOR = YES;
				GCC_WARN_UNINITIALIZED_AUTOS = YES_AGGRESSIVE;
				GCC_WARN_UNUSED_FUNCTION = YES;
				GCC_WARN_UNUSED_VARIABLE = YES;
				IPHONEOS_DEPLOYMENT_TARGET = 10.2;
				MTL_ENABLE_DEBUG_INFO = YES;
				ONLY_ACTIVE_ARCH = YES;
				SDKROOT = iphoneos;
				SWIFT_ACTIVE_COMPILATION_CONDITIONS = DEBUG;
				SWIFT_OPTIMIZATION_LEVEL = "-Onone";
				TARGETED_DEVICE_FAMILY = "1,2";
			};
			name = Debug;
		};
		F2D443AC1E4DC98600864117 /* Release */ = {
			isa = XCBuildConfiguration;
			buildSettings = {
				ALWAYS_SEARCH_USER_PATHS = NO;
				CLANG_ANALYZER_NONNULL = YES;
				CLANG_CXX_LANGUAGE_STANDARD = "gnu++0x";
				CLANG_CXX_LIBRARY = "libc++";
				CLANG_ENABLE_MODULES = YES;
				CLANG_ENABLE_OBJC_ARC = YES;
				CLANG_WARN_BOOL_CONVERSION = YES;
				CLANG_WARN_CONSTANT_CONVERSION = YES;
				CLANG_WARN_DIRECT_OBJC_ISA_USAGE = YES_ERROR;
				CLANG_WARN_DOCUMENTATION_COMMENTS = YES;
				CLANG_WARN_EMPTY_BODY = YES;
				CLANG_WARN_ENUM_CONVERSION = YES;
				CLANG_WARN_INFINITE_RECURSION = YES;
				CLANG_WARN_INT_CONVERSION = YES;
				CLANG_WARN_OBJC_ROOT_CLASS = YES_ERROR;
				CLANG_WARN_SUSPICIOUS_MOVE = YES;
				CLANG_WARN_UNREACHABLE_CODE = YES;
				CLANG_WARN__DUPLICATE_METHOD_MATCH = YES;
				"CODE_SIGN_IDENTITY[sdk=iphoneos*]" = "iPhone Developer";
				COPY_PHASE_STRIP = NO;
				DEBUG_INFORMATION_FORMAT = "dwarf-with-dsym";
				ENABLE_NS_ASSERTIONS = NO;
				ENABLE_STRICT_OBJC_MSGSEND = YES;
				GCC_C_LANGUAGE_STANDARD = gnu99;
				GCC_NO_COMMON_BLOCKS = YES;
				GCC_WARN_64_TO_32_BIT_CONVERSION = YES;
				GCC_WARN_ABOUT_RETURN_TYPE = YES_ERROR;
				GCC_WARN_UNDECLARED_SELECTOR = YES;
				GCC_WARN_UNINITIALIZED_AUTOS = YES_AGGRESSIVE;
				GCC_WARN_UNUSED_FUNCTION = YES;
				GCC_WARN_UNUSED_VARIABLE = YES;
				IPHONEOS_DEPLOYMENT_TARGET = 10.2;
				MTL_ENABLE_DEBUG_INFO = NO;
				SDKROOT = iphoneos;
				SWIFT_OPTIMIZATION_LEVEL = "-Owholemodule";
				TARGETED_DEVICE_FAMILY = "1,2";
				VALIDATE_PRODUCT = YES;
			};
			name = Release;
		};
		F2D443AE1E4DC98600864117 /* Debug */ = {
			isa = XCBuildConfiguration;
			buildSettings = {
				ASSETCATALOG_COMPILER_APPICON_NAME = AppIcon;
				CLANG_ENABLE_MODULES = YES;
				DEVELOPMENT_TEAM = TXCLPPJG27;
				ENABLE_BITCODE = NO;
				FRAMEWORK_SEARCH_PATHS = "$(SRCROOT)/../SDK";
				INFOPLIST_FILE = "3.Mutli-Party/Info.plist";
				IPHONEOS_DEPLOYMENT_TARGET = 9.3;
				LD_RUNPATH_SEARCH_PATHS = "$(inherited) @executable_path/Frameworks";
				OTHER_LDFLAGS = "-all_load";
				PRODUCT_BUNDLE_IDENTIFIER = "com.shishimao.RTCatDemo.--Mutli-Party";
				PRODUCT_NAME = "$(TARGET_NAME)";
				SWIFT_OBJC_BRIDGING_HEADER = "3.Mutli-Party/3.Mutli-Party-Bridging-Header.h";
				SWIFT_OPTIMIZATION_LEVEL = "-Onone";
				SWIFT_VERSION = 3.0;
			};
			name = Debug;
		};
		F2D443AF1E4DC98600864117 /* Release */ = {
			isa = XCBuildConfiguration;
			buildSettings = {
				ASSETCATALOG_COMPILER_APPICON_NAME = AppIcon;
				CLANG_ENABLE_MODULES = YES;
				DEVELOPMENT_TEAM = TXCLPPJG27;
				ENABLE_BITCODE = NO;
				FRAMEWORK_SEARCH_PATHS = "$(SRCROOT)/../SDK";
				INFOPLIST_FILE = "3.Mutli-Party/Info.plist";
				IPHONEOS_DEPLOYMENT_TARGET = 9.3;
				LD_RUNPATH_SEARCH_PATHS = "$(inherited) @executable_path/Frameworks";
				OTHER_LDFLAGS = "-all_load";
				PRODUCT_BUNDLE_IDENTIFIER = "com.shishimao.RTCatDemo.--Mutli-Party";
				PRODUCT_NAME = "$(TARGET_NAME)";
				SWIFT_OBJC_BRIDGING_HEADER = "3.Mutli-Party/3.Mutli-Party-Bridging-Header.h";
				SWIFT_VERSION = 3.0;
			};
			name = Release;
		};
/* End XCBuildConfiguration section */

/* Begin XCConfigurationList section */
		F2D443961E4DC98600864117 /* Build configuration list for PBXProject "3.Mutli-Party" */ = {
			isa = XCConfigurationList;
			buildConfigurations = (
				F2D443AB1E4DC98600864117 /* Debug */,
				F2D443AC1E4DC98600864117 /* Release */,
			);
			defaultConfigurationIsVisible = 0;
			defaultConfigurationName = Release;
		};
		F2D443AD1E4DC98600864117 /* Build configuration list for PBXNativeTarget "3.Mutli-Party" */ = {
			isa = XCConfigurationList;
			buildConfigurations = (
				F2D443AE1E4DC98600864117 /* Debug */,
				F2D443AF1E4DC98600864117 /* Release */,
			);
			defaultConfigurationIsVisible = 0;
			defaultConfigurationName = Release;
		};
/* End XCConfigurationList section */
	};
	rootObject = F2D443931E4DC98600864117 /* Project object */;
}
